
Microsoft Visual Studio Solution File, Format Version 12.00
# Visual Studio Version 17
VisualStudioVersion = 17.9.34714.143
MinimumVisualStudioVersion = 10.0.40219.1
Project("{FAE04EC0-301F-11D3-BF4B-00C04F79EFBC}") = "BTL-LTWNC", "BTL-LTWNC.csproj", "{8451CFAA-DEFA-42CE-8B7B-5807C4651387}"
EndProject
Global
	GlobalSection(SolutionConfigurationPlatforms) = preSolution
		Debug|Any CPU = Debug|Any CPU
		Release|Any CPU = Release|Any CPU
	EndGlobalSection
	GlobalSection(ProjectConfigurationPlatforms) = postSolution
		{8451CFAA-DEFA-42CE-8B7B-5807C4651387}.Debug|Any CPU.ActiveCfg = Debug|Any CPU
		{8451CFAA-DEFA-42CE-8B7B-5807C4651387}.Debug|Any CPU.Build.0 = Debug|Any CPU
		{8451CFAA-DEFA-42CE-8B7B-5807C4651387}.Release|Any CPU.ActiveCfg = Release|Any CPU
		{8451CFAA-DEFA-42CE-8B7B-5807C4651387}.Release|Any CPU.Build.0 = Release|Any CPU
	EndGlobalSection
	GlobalSection(SolutionProperties) = preSolution
		HideSolutionNode = FALSE
	EndGlobalSection
	GlobalSection(ExtensibilityGlobals) = postSolution
		SolutionGuid = {70D200C9-AEF5-45B8-81F5-B59217DBD424}
	EndGlobalSection
EndGlobal
